
Microsoft Visual Studio Solution File, Format Version 12.00
# Visual Studio Version 17
VisualStudioVersion = 17.8.34525.116
MinimumVisualStudioVersion = 10.0.40219.1
Project("{FAE04EC0-301F-11D3-BF4B-00C04F79EFBC}") = "CursoCSharp", "CursoCSharp\CursoCSharp.csproj", "{582E018A-F1E3-4782-95CF-6C630214B5A7}"
EndProject
Global
	GlobalSection(SolutionConfigurationPlatforms) = preSolution
		Debug|Any CPU = Debug|Any CPU
		Release|Any CPU = Release|Any CPU
	EndGlobalSection
	GlobalSection(ProjectConfigurationPlatforms) = postSolution
		{582E018A-F1E3-4782-95CF-6C630214B5A7}.Debug|Any CPU.ActiveCfg = Debug|Any CPU
		{582E018A-F1E3-4782-95CF-6C630214B5A7}.Debug|Any CPU.Build.0 = Debug|Any CPU
		{582E018A-F1E3-4782-95CF-6C630214B5A7}.Release|Any CPU.ActiveCfg = Release|Any CPU
		{582E018A-F1E3-4782-95CF-6C630214B5A7}.Release|Any CPU.Build.0 = Release|Any CPU
	EndGlobalSection
	GlobalSection(SolutionProperties) = preSolution
		HideSolutionNode = FALSE
	EndGlobalSection
	GlobalSection(ExtensibilityGlobals) = postSolution
		SolutionGuid = {35AB3F19-795F-4141-8532-5621E5114901}
	EndGlobalSection
EndGlobal
